// !$*UTF8*$!
{
	archiveVersion = 1;
	classes = {
	};
	objectVersion = 50;
	objects = {

/* Begin PBXBuildFile section */
		BC13EFFA2392CBA600DF4F1C /* HowToVC.swift in Sources */ = {isa = PBXBuildFile; fileRef = BC13EFF92392CBA600DF4F1C /* HowToVC.swift */; };
		BC36841B236B502500DCC703 /* Data Model.xcdatamodeld in Sources */ = {isa = PBXBuildFile; fileRef = BC368419236B502500DCC703 /* Data Model.xcdatamodeld */; };
		BC7A9B09238F132B002CC9B3 /* StatisticsVC.swift in Sources */ = {isa = PBXBuildFile; fileRef = BC7A9B08238F132B002CC9B3 /* StatisticsVC.swift */; };
		BC7A9B0F238F2148002CC9B3 /* InfoVC.swift in Sources */ = {isa = PBXBuildFile; fileRef = BC7A9B0E238F2148002CC9B3 /* InfoVC.swift */; };
		BC7A9B1323914FF4002CC9B3 /* card-flip-2.wav in Resources */ = {isa = PBXBuildFile; fileRef = BC7A9B1123914FF4002CC9B3 /* card-flip-2.wav */; };
		BC7A9B1423914FF4002CC9B3 /* card-flip-1.wav in Resources */ = {isa = PBXBuildFile; fileRef = BC7A9B1223914FF4002CC9B3 /* card-flip-1.wav */; };
		BC7A9B1623918799002CC9B3 /* win.wav in Resources */ = {isa = PBXBuildFile; fileRef = BC7A9B1523918798002CC9B3 /* win.wav */; };
		BC7A9B1823918A5B002CC9B3 /* lose.wav in Resources */ = {isa = PBXBuildFile; fileRef = BC7A9B1723918A5B002CC9B3 /* lose.wav */; };
		BC7CFC91239C51D200B0BDFE /* RestartAlertController.swift in Sources */ = {isa = PBXBuildFile; fileRef = BC7CFC90239C51D200B0BDFE /* RestartAlertController.swift */; };
		BCC40CEF234DEDE400CD951D /* AppDelegate.swift in Sources */ = {isa = PBXBuildFile; fileRef = BCC40CEE234DEDE400CD951D /* AppDelegate.swift */; };
		BCC40CF3234DEDE400CD951D /* GameVC.swift in Sources */ = {isa = PBXBuildFile; fileRef = BCC40CF2234DEDE400CD951D /* GameVC.swift */; };
		BCC40CF6234DEDE400CD951D /* Main.storyboard in Resources */ = {isa = PBXBuildFile; fileRef = BCC40CF4234DEDE400CD951D /* Main.storyboard */; };
		BCC40CF8234DEDEB00CD951D /* Assets.xcassets in Resources */ = {isa = PBXBuildFile; fileRef = BCC40CF7234DEDEB00CD951D /* Assets.xcassets */; };
		BCC40CFB234DEDEB00CD951D /* LaunchScreen.storyboard in Resources */ = {isa = PBXBuildFile; fileRef = BCC40CF9234DEDEB00CD951D /* LaunchScreen.storyboard */; };
		BCC40D03234DF09900CD951D /* CardCollectionViewCell.swift in Sources */ = {isa = PBXBuildFile; fileRef = BCC40D02234DF09900CD951D /* CardCollectionViewCell.swift */; };
		BCC40D0B234DF4A000CD951D /* CardModel.swift in Sources */ = {isa = PBXBuildFile; fileRef = BCC40D0A234DF4A000CD951D /* CardModel.swift */; };
		BCD6074A238B3F9D000AFA6F /* SettingsVC.swift in Sources */ = {isa = PBXBuildFile; fileRef = BCD60749238B3F9D000AFA6F /* SettingsVC.swift */; };
		BCD6074C238C6483000AFA6F /* roundButton.swift in Sources */ = {isa = PBXBuildFile; fileRef = BCD6074B238C6482000AFA6F /* roundButton.swift */; };
		BCE12CE9234E340400962F00 /* Card.swift in Sources */ = {isa = PBXBuildFile; fileRef = BCE12CE8234E340400962F00 /* Card.swift */; };
		BCE12CEF234E35E400962F00 /* Utilities.swift in Sources */ = {isa = PBXBuildFile; fileRef = BCE12CEE234E35E400962F00 /* Utilities.swift */; };
		BCF57EAE239ED8F200F762FA /* SceneDelegate.swift in Sources */ = {isa = PBXBuildFile; fileRef = BCF57EAD239ED8F200F762FA /* SceneDelegate.swift */; };
/* End PBXBuildFile section */

/* Begin PBXFileReference section */
		BC13EFF92392CBA600DF4F1C /* HowToVC.swift */ = {isa = PBXFileReference; lastKnownFileType = sourcecode.swift; path = HowToVC.swift; sourceTree = "<group>"; };
		BC36841A236B502500DCC703 /* Data Model.xcdatamodel */ = {isa = PBXFileReference; lastKnownFileType = wrapper.xcdatamodel; path = "Data Model.xcdatamodel"; sourceTree = "<group>"; };
		BC7A9B08238F132B002CC9B3 /* StatisticsVC.swift */ = {isa = PBXFileReference; lastKnownFileType = sourcecode.swift; path = StatisticsVC.swift; sourceTree = "<group>"; };
		BC7A9B0E238F2148002CC9B3 /* InfoVC.swift */ = {isa = PBXFileReference; lastKnownFileType = sourcecode.swift; path = InfoVC.swift; sourceTree = "<group>"; };
		BC7A9B1123914FF4002CC9B3 /* card-flip-2.wav */ = {isa = PBXFileReference; lastKnownFileType = audio.wav; path = "card-flip-2.wav"; sourceTree = "<group>"; };
		BC7A9B1223914FF4002CC9B3 /* card-flip-1.wav */ = {isa = PBXFileReference; lastKnownFileType = audio.wav; path = "card-flip-1.wav"; sourceTree = "<group>"; };
		BC7A9B1523918798002CC9B3 /* win.wav */ = {isa = PBXFileReference; lastKnownFileType = audio.wav; path = win.wav; sourceTree = "<group>"; };
		BC7A9B1723918A5B002CC9B3 /* lose.wav */ = {isa = PBXFileReference; lastKnownFileType = audio.wav; path = lose.wav; sourceTree = "<group>"; };
		BC7CFC90239C51D200B0BDFE /* RestartAlertController.swift */ = {isa = PBXFileReference; lastKnownFileType = sourcecode.swift; path = RestartAlertController.swift; sourceTree = "<group>"; };
		BCC40CEB234DEDE400CD951D /* Royal Frame.app */ = {isa = PBXFileReference; explicitFileType = wrapper.application; includeInIndex = 0; path = "Royal Frame.app"; sourceTree = BUILT_PRODUCTS_DIR; };
		BCC40CEE234DEDE400CD951D /* AppDelegate.swift */ = {isa = PBXFileReference; lastKnownFileType = sourcecode.swift; path = AppDelegate.swift; sourceTree = "<group>"; };
		BCC40CF2234DEDE400CD951D /* GameVC.swift */ = {isa = PBXFileReference; lastKnownFileType = sourcecode.swift; path = GameVC.swift; sourceTree = "<group>"; };
		BCC40CF5234DEDE400CD951D /* Base */ = {isa = PBXFileReference; lastKnownFileType = file.storyboard; name = Base; path = Base.lproj/Main.storyboard; sourceTree = "<group>"; };
		BCC40CF7234DEDEB00CD951D /* Assets.xcassets */ = {isa = PBXFileReference; lastKnownFileType = folder.assetcatalog; path = Assets.xcassets; sourceTree = "<group>"; };
		BCC40CFA234DEDEB00CD951D /* Base */ = {isa = PBXFileReference; lastKnownFileType = file.storyboard; name = Base; path = Base.lproj/LaunchScreen.storyboard; sourceTree = "<group>"; };
		BCC40CFC234DEDEB00CD951D /* Info.plist */ = {isa = PBXFileReference; lastKnownFileType = text.plist.xml; path = Info.plist; sourceTree = "<group>"; };
		BCC40D02234DF09900CD951D /* CardCollectionViewCell.swift */ = {isa = PBXFileReference; lastKnownFileType = sourcecode.swift; path = CardCollectionViewCell.swift; sourceTree = "<group>"; };
		BCC40D0A234DF4A000CD951D /* CardModel.swift */ = {isa = PBXFileReference; lastKnownFileType = sourcecode.swift; path = CardModel.swift; sourceTree = "<group>"; };
		BCD60749238B3F9D000AFA6F /* SettingsVC.swift */ = {isa = PBXFileReference; lastKnownFileType = sourcecode.swift; path = SettingsVC.swift; sourceTree = "<group>"; };
		BCD6074B238C6482000AFA6F /* roundButton.swift */ = {isa = PBXFileReference; lastKnownFileType = sourcecode.swift; path = roundButton.swift; sourceTree = "<group>"; };
		BCE12CE8234E340400962F00 /* Card.swift */ = {isa = PBXFileReference; lastKnownFileType = sourcecode.swift; name = Card.swift; path = "Le Frame/Model/Card.swift"; sourceTree = SOURCE_ROOT; };
		BCE12CEE234E35E400962F00 /* Utilities.swift */ = {isa = PBXFileReference; lastKnownFileType = sourcecode.swift; path = Utilities.swift; sourceTree = "<group>"; };
		BCF57EAD239ED8F200F762FA /* SceneDelegate.swift */ = {isa = PBXFileReference; fileEncoding = 4; lastKnownFileType = sourcecode.swift; path = SceneDelegate.swift; sourceTree = "<group>"; };
/* End PBXFileReference section */

/* Begin PBXFrameworksBuildPhase section */
		BCC40CE8234DEDE400CD951D /* Frameworks */ = {
			isa = PBXFrameworksBuildPhase;
			buildActionMask = 2147483647;
			files = (
			);
			runOnlyForDeploymentPostprocessing = 0;
		};
/* End PBXFrameworksBuildPhase section */

/* Begin PBXGroup section */
		BC7A9B1023914FCE002CC9B3 /* Sounds */ = {
			isa = PBXGroup;
			children = (
				BC7A9B1523918798002CC9B3 /* win.wav */,
				BC7A9B1723918A5B002CC9B3 /* lose.wav */,
				BC7A9B1223914FF4002CC9B3 /* card-flip-1.wav */,
				BC7A9B1123914FF4002CC9B3 /* card-flip-2.wav */,
			);
			path = Sounds;
			sourceTree = "<group>";
		};
		BCC40CE2234DEDE400CD951D = {
			isa = PBXGroup;
			children = (
				BCC40CED234DEDE400CD951D /* Le Frame */,
				BCC40CEC234DEDE400CD951D /* Products */,
			);
			sourceTree = "<group>";
		};
		BCC40CEC234DEDE400CD951D /* Products */ = {
			isa = PBXGroup;
			children = (
				BCC40CEB234DEDE400CD951D /* Royal Frame.app */,
			);
			name = Products;
			sourceTree = "<group>";
		};
		BCC40CED234DEDE400CD951D /* Le Frame */ = {
			isa = PBXGroup;
			children = (
				BC7A9B1023914FCE002CC9B3 /* Sounds */,
				BCE12CEA234E353B00962F00 /* Model */,
				BCE12CEC234E354E00962F00 /* View */,
				BCE12CEB234E354500962F00 /* Controller */,
				BCC40CFC234DEDEB00CD951D /* Info.plist */,
				BCC40CF7234DEDEB00CD951D /* Assets.xcassets */,
				BCF57EAD239ED8F200F762FA /* SceneDelegate.swift */,
				BCE12CED234E355E00962F00 /* Other */,
			);
			path = "Le Frame";
			sourceTree = "<group>";
		};
		BCE12CEA234E353B00962F00 /* Model */ = {
			isa = PBXGroup;
			children = (
				BC368419236B502500DCC703 /* Data Model.xcdatamodeld */,
				BCE12CE8234E340400962F00 /* Card.swift */,
				BCC40D0A234DF4A000CD951D /* CardModel.swift */,
			);
			path = Model;
			sourceTree = "<group>";
		};
		BCE12CEB234E354500962F00 /* Controller */ = {
			isa = PBXGroup;
			children = (
				BC13EFF92392CBA600DF4F1C /* HowToVC.swift */,
				BCC40CF2234DEDE400CD951D /* GameVC.swift */,
				BCC40D02234DF09900CD951D /* CardCollectionViewCell.swift */,
				BCE12CEE234E35E400962F00 /* Utilities.swift */,
				BCD60749238B3F9D000AFA6F /* SettingsVC.swift */,
				BC7A9B08238F132B002CC9B3 /* StatisticsVC.swift */,
				BC7A9B0E238F2148002CC9B3 /* InfoVC.swift */,
				BC7CFC90239C51D200B0BDFE /* RestartAlertController.swift */,
			);
			path = Controller;
			sourceTree = "<group>";
		};
		BCE12CEC234E354E00962F00 /* View */ = {
			isa = PBXGroup;
			children = (
				BCC40CF9234DEDEB00CD951D /* LaunchScreen.storyboard */,
				BCC40CF4234DEDE400CD951D /* Main.storyboard */,
				BCD6074B238C6482000AFA6F /* roundButton.swift */,
			);
			path = View;
			sourceTree = "<group>";
		};
		BCE12CED234E355E00962F00 /* Other */ = {
			isa = PBXGroup;
			children = (
				BCC40CEE234DEDE400CD951D /* AppDelegate.swift */,
			);
			path = Other;
			sourceTree = "<group>";
		};
/* End PBXGroup section */

/* Begin PBXNativeTarget section */
		BCC40CEA234DEDE400CD951D /* Le Frame */ = {
			isa = PBXNativeTarget;
			buildConfigurationList = BCC40CFF234DEDEB00CD951D /* Build configuration list for PBXNativeTarget "Le Frame" */;
			buildPhases = (
				BCC40CE7234DEDE400CD951D /* Sources */,
				BCC40CE8234DEDE400CD951D /* Frameworks */,
				BCC40CE9234DEDE400CD951D /* Resources */,
			);
			buildRules = (
			);
			dependencies = (
			);
			name = "Le Frame";
			productName = "Le Frame";
			productReference = BCC40CEB234DEDE400CD951D /* Royal Frame.app */;
			productType = "com.apple.product-type.application";
		};
/* End PBXNativeTarget section */

/* Begin PBXProject section */
		BCC40CE3234DEDE400CD951D /* Project object */ = {
			isa = PBXProject;
			attributes = {
				LastSwiftUpdateCheck = 1110;
				LastUpgradeCheck = 1110;
				ORGANIZATIONNAME = "Saar Botzer";
				TargetAttributes = {
					BCC40CEA234DEDE400CD951D = {
						CreatedOnToolsVersion = 11.1;
					};
				};
			};
			buildConfigurationList = BCC40CE6234DEDE400CD951D /* Build configuration list for PBXProject "Le Frame" */;
			compatibilityVersion = "Xcode 9.3";
			developmentRegion = en;
			hasScannedForEncodings = 0;
			knownRegions = (
				en,
				Base,
			);
			mainGroup = BCC40CE2234DEDE400CD951D;
			productRefGroup = BCC40CEC234DEDE400CD951D /* Products */;
			projectDirPath = "";
			projectRoot = "";
			targets = (
				BCC40CEA234DEDE400CD951D /* Le Frame */,
			);
		};
/* End PBXProject section */

/* Begin PBXResourcesBuildPhase section */
		BCC40CE9234DEDE400CD951D /* Resources */ = {
			isa = PBXResourcesBuildPhase;
			buildActionMask = 2147483647;
			files = (
				BC7A9B1323914FF4002CC9B3 /* card-flip-2.wav in Resources */,
				BCC40CFB234DEDEB00CD951D /* LaunchScreen.storyboard in Resources */,
				BC7A9B1423914FF4002CC9B3 /* card-flip-1.wav in Resources */,
				BC7A9B1823918A5B002CC9B3 /* lose.wav in Resources */,
				BC7A9B1623918799002CC9B3 /* win.wav in Resources */,
				BCC40CF8234DEDEB00CD951D /* Assets.xcassets in Resources */,
				BCC40CF6234DEDE400CD951D /* Main.storyboard in Resources */,
			);
			runOnlyForDeploymentPostprocessing = 0;
		};
/* End PBXResourcesBuildPhase section */

/* Begin PBXSourcesBuildPhase section */
		BCC40CE7234DEDE400CD951D /* Sources */ = {
			isa = PBXSourcesBuildPhase;
			buildActionMask = 2147483647;
			files = (
				BC7CFC91239C51D200B0BDFE /* RestartAlertController.swift in Sources */,
				BCF57EAE239ED8F200F762FA /* SceneDelegate.swift in Sources */,
				BC13EFFA2392CBA600DF4F1C /* HowToVC.swift in Sources */,
				BCD6074A238B3F9D000AFA6F /* SettingsVC.swift in Sources */,
				BC36841B236B502500DCC703 /* Data Model.xcdatamodeld in Sources */,
				BCC40D03234DF09900CD951D /* CardCollectionViewCell.swift in Sources */,
				BCD6074C238C6483000AFA6F /* roundButton.swift in Sources */,
				BC7A9B0F238F2148002CC9B3 /* InfoVC.swift in Sources */,
				BCE12CE9234E340400962F00 /* Card.swift in Sources */,
				BCE12CEF234E35E400962F00 /* Utilities.swift in Sources */,
				BCC40CF3234DEDE400CD951D /* GameVC.swift in Sources */,
				BCC40CEF234DEDE400CD951D /* AppDelegate.swift in Sources */,
				BC7A9B09238F132B002CC9B3 /* StatisticsVC.swift in Sources */,
				BCC40D0B234DF4A000CD951D /* CardModel.swift in Sources */,
			);
			runOnlyForDeploymentPostprocessing = 0;
		};
/* End PBXSourcesBuildPhase section */

/* Begin PBXVariantGroup section */
		BCC40CF4234DEDE400CD951D /* Main.storyboard */ = {
			isa = PBXVariantGroup;
			children = (
				BCC40CF5234DEDE400CD951D /* Base */,
			);
			name = Main.storyboard;
			sourceTree = "<group>";
		};
		BCC40CF9234DEDEB00CD951D /* LaunchScreen.storyboard */ = {
			isa = PBXVariantGroup;
			children = (
				BCC40CFA234DEDEB00CD951D /* Base */,
			);
			name = LaunchScreen.storyboard;
			sourceTree = "<group>";
		};
/* End PBXVariantGroup section */

/* Begin XCBuildConfiguration section */
		BCC40CFD234DEDEB00CD951D /* Debug */ = {
			isa = XCBuildConfiguration;
			buildSettings = {
				ALWAYS_SEARCH_USER_PATHS = NO;
				CLANG_ANALYZER_NONNULL = YES;
				CLANG_ANALYZER_NUMBER_OBJECT_CONVERSION = YES_AGGRESSIVE;
				CLANG_CXX_LANGUAGE_STANDARD = "gnu++14";
				CLANG_CXX_LIBRARY = "libc++";
				CLANG_ENABLE_MODULES = YES;
				CLANG_ENABLE_OBJC_ARC = YES;
				CLANG_ENABLE_OBJC_WEAK = YES;
				CLANG_WARN_BLOCK_CAPTURE_AUTORELEASING = YES;
				CLANG_WARN_BOOL_CONVERSION = YES;
				CLANG_WARN_COMMA = YES;
				CLANG_WARN_CONSTANT_CONVERSION = YES;
				CLANG_WARN_DEPRECATED_OBJC_IMPLEMENTATIONS = YES;
				CLANG_WARN_DIRECT_OBJC_ISA_USAGE = YES_ERROR;
				CLANG_WARN_DOCUMENTATION_COMMENTS = YES;
				CLANG_WARN_EMPTY_BODY = YES;
				CLANG_WARN_ENUM_CONVERSION = YES;
				CLANG_WARN_INFINITE_RECURSION = YES;
				CLANG_WARN_INT_CONVERSION = YES;
				CLANG_WARN_NON_LITERAL_NULL_CONVERSION = YES;
				CLANG_WARN_OBJC_IMPLICIT_RETAIN_SELF = YES;
				CLANG_WARN_OBJC_LITERAL_CONVERSION = YES;
				CLANG_WARN_OBJC_ROOT_CLASS = YES_ERROR;
				CLANG_WARN_RANGE_LOOP_ANALYSIS = YES;
				CLANG_WARN_STRICT_PROTOTYPES = YES;
				CLANG_WARN_SUSPICIOUS_MOVE = YES;
				CLANG_WARN_UNGUARDED_AVAILABILITY = YES_AGGRESSIVE;
				CLANG_WARN_UNREACHABLE_CODE = YES;
				CLANG_WARN__DUPLICATE_METHOD_MATCH = YES;
				COPY_PHASE_STRIP = NO;
				DEBUG_INFORMATION_FORMAT = dwarf;
				ENABLE_STRICT_OBJC_MSGSEND = YES;
				ENABLE_TESTABILITY = YES;
				GCC_C_LANGUAGE_STANDARD = gnu11;
				GCC_DYNAMIC_NO_PIC = NO;
				GCC_NO_COMMON_BLOCKS = YES;
				GCC_OPTIMIZATION_LEVEL = 0;
				GCC_PREPROCESSOR_DEFINITIONS = (
					"DEBUG=1",
					"$(inherited)",
				);
				GCC_WARN_64_TO_32_BIT_CONVERSION = YES;
				GCC_WARN_ABOUT_RETURN_TYPE = YES_ERROR;
				GCC_WARN_UNDECLARED_SELECTOR = YES;
				GCC_WARN_UNINITIALIZED_AUTOS = YES_AGGRESSIVE;
				GCC_WARN_UNUSED_FUNCTION = YES;
				GCC_WARN_UNUSED_VARIABLE = YES;
				IPHONEOS_DEPLOYMENT_TARGET = 13.1;
				MTL_ENABLE_DEBUG_INFO = INCLUDE_SOURCE;
				MTL_FAST_MATH = YES;
				ONLY_ACTIVE_ARCH = YES;
				SDKROOT = iphoneos;
				SWIFT_ACTIVE_COMPILATION_CONDITIONS = DEBUG;
				SWIFT_OPTIMIZATION_LEVEL = "-Onone";
			};
			name = Debug;
		};
		BCC40CFE234DEDEB00CD951D /* Release */ = {
			isa = XCBuildConfiguration;
			buildSettings = {
				ALWAYS_SEARCH_USER_PATHS = NO;
				CLANG_ANALYZER_NONNULL = YES;
				CLANG_ANALYZER_NUMBER_OBJECT_CONVERSION = YES_AGGRESSIVE;
				CLANG_CXX_LANGUAGE_STANDARD = "gnu++14";
				CLANG_CXX_LIBRARY = "libc++";
				CLANG_ENABLE_MODULES = YES;
				CLANG_ENABLE_OBJC_ARC = YES;
				CLANG_ENABLE_OBJC_WEAK = YES;
				CLANG_WARN_BLOCK_CAPTURE_AUTORELEASING = YES;
				CLANG_WARN_BOOL_CONVERSION = YES;
				CLANG_WARN_COMMA = YES;
				CLANG_WARN_CONSTANT_CONVERSION = YES;
				CLANG_WARN_DEPRECATED_OBJC_IMPLEMENTATIONS = YES;
				CLANG_WARN_DIRECT_OBJC_ISA_USAGE = YES_ERROR;
				CLANG_WARN_DOCUMENTATION_COMMENTS = YES;
				CLANG_WARN_EMPTY_BODY = YES;
				CLANG_WARN_ENUM_CONVERSION = YES;
				CLANG_WARN_INFINITE_RECURSION = YES;
				CLANG_WARN_INT_CONVERSION = YES;
				CLANG_WARN_NON_LITERAL_NULL_CONVERSION = YES;
				CLANG_WARN_OBJC_IMPLICIT_RETAIN_SELF = YES;
				CLANG_WARN_OBJC_LITERAL_CONVERSION = YES;
				CLANG_WARN_OBJC_ROOT_CLASS = YES_ERROR;
				CLANG_WARN_RANGE_LOOP_ANALYSIS = YES;
				CLANG_WARN_STRICT_PROTOTYPES = YES;
				CLANG_WARN_SUSPICIOUS_MOVE = YES;
				CLANG_WARN_UNGUARDED_AVAILABILITY = YES_AGGRESSIVE;
				CLANG_WARN_UNREACHABLE_CODE = YES;
				CLANG_WARN__DUPLICATE_METHOD_MATCH = YES;
				COPY_PHASE_STRIP = NO;
				DEBUG_INFORMATION_FORMAT = "dwarf-with-dsym";
				ENABLE_NS_ASSERTIONS = NO;
				ENABLE_STRICT_OBJC_MSGSEND = YES;
				GCC_C_LANGUAGE_STANDARD = gnu11;
				GCC_NO_COMMON_BLOCKS = YES;
				GCC_WARN_64_TO_32_BIT_CONVERSION = YES;
				GCC_WARN_ABOUT_RETURN_TYPE = YES_ERROR;
				GCC_WARN_UNDECLARED_SELECTOR = YES;
				GCC_WARN_UNINITIALIZED_AUTOS = YES_AGGRESSIVE;
				GCC_WARN_UNUSED_FUNCTION = YES;
				GCC_WARN_UNUSED_VARIABLE = YES;
				IPHONEOS_DEPLOYMENT_TARGET = 13.1;
				MTL_ENABLE_DEBUG_INFO = NO;
				MTL_FAST_MATH = YES;
				SDKROOT = iphoneos;
				SWIFT_COMPILATION_MODE = wholemodule;
				SWIFT_OPTIMIZATION_LEVEL = "-O";
				VALIDATE_PRODUCT = YES;
			};
			name = Release;
		};
		BCC40D00234DEDEB00CD951D /* Debug */ = {
			isa = XCBuildConfiguration;
			buildSettings = {
				ASSETCATALOG_COMPILER_APPICON_NAME = AppIcon;
				CODE_SIGN_STYLE = Automatic;
				CURRENT_PROJECT_VERSION = 5;
				DEVELOPMENT_TEAM = D3N4HXSP3Z;
				INFOPLIST_FILE = "Le Frame/Info.plist";
				IPHONEOS_DEPLOYMENT_TARGET = 12.0;
				LD_RUNPATH_SEARCH_PATHS = (
					"$(inherited)",
					"@executable_path/Frameworks",
				);
				MARKETING_VERSION = 0.8;
				PRODUCT_BUNDLE_IDENTIFIER = "com.saarbotzer.Royal-Frame";
				PRODUCT_NAME = "Royal Frame";
				SWIFT_VERSION = 5.0;
				TARGETED_DEVICE_FAMILY = "1,2";
			};
			name = Debug;
		};
		BCC40D01234DEDEB00CD951D /* Release */ = {
			isa = XCBuildConfiguration;
			buildSettings = {
				ASSETCATALOG_COMPILER_APPICON_NAME = AppIcon;
				CODE_SIGN_STYLE = Automatic;
				CURRENT_PROJECT_VERSION = 5;
				DEVELOPMENT_TEAM = D3N4HXSP3Z;
				INFOPLIST_FILE = "Le Frame/Info.plist";
				IPHONEOS_DEPLOYMENT_TARGET = 12.0;
				LD_RUNPATH_SEARCH_PATHS = (
					"$(inherited)",
					"@executable_path/Frameworks",
				);
				MARKETING_VERSION = 0.8;
				PRODUCT_BUNDLE_IDENTIFIER = "com.saarbotzer.Royal-Frame";
				PRODUCT_NAME = "Royal Frame";
				SWIFT_VERSION = 5.0;
				TARGETED_DEVICE_FAMILY = "1,2";
			};
			name = Release;
		};
/* End XCBuildConfiguration section */

/* Begin XCConfigurationList section */
		BCC40CE6234DEDE400CD951D /* Build configuration list for PBXProject "Le Frame" */ = {
			isa = XCConfigurationList;
			buildConfigurations = (
				BCC40CFD234DEDEB00CD951D /* Debug */,
				BCC40CFE234DEDEB00CD951D /* Release */,
			);
			defaultConfigurationIsVisible = 0;
			defaultConfigurationName = Release;
		};
		BCC40CFF234DEDEB00CD951D /* Build configuration list for PBXNativeTarget "Le Frame" */ = {
			isa = XCConfigurationList;
			buildConfigurations = (
				BCC40D00234DEDEB00CD951D /* Debug */,
				BCC40D01234DEDEB00CD951D /* Release */,
			);
			defaultConfigurationIsVisible = 0;
			defaultConfigurationName = Release;
		};
/* End XCConfigurationList section */

/* Begin XCVersionGroup section */
		BC368419236B502500DCC703 /* Data Model.xcdatamodeld */ = {
			isa = XCVersionGroup;
			children = (
				BC36841A236B502500DCC703 /* Data Model.xcdatamodel */,
			);
			currentVersion = BC36841A236B502500DCC703 /* Data Model.xcdatamodel */;
			name = "Data Model.xcdatamodeld";
			path = "../Controller/Data Model.xcdatamodeld";
			sourceTree = "<group>";
			versionGroupType = wrapper.xcdatamodel;
		};
/* End XCVersionGroup section */
	};
	rootObject = BCC40CE3234DEDE400CD951D /* Project object */;
}
